# THIS IS AN AUTOGENERATED FILE. DO NOT EDIT THIS FILE DIRECTLY.
# yarn lockfile v1


"@google/generative-ai@^0.3.1":
  version "0.3.1"
  resolved "https://registry.yarnpkg.com/@google/generative-ai/-/generative-ai-0.3.1.tgz#327b7f6df0d456205d44ad4237d7278e673984d5"
  integrity sha512-Zh1EK5nCWqIhxPm3K1KOM2mOwwgBvp6lkze74yTj6+Zqibtf55Db1q87cbbzWZeET3ZbNgHMYjVf2JyMM6pI7A==

dotenv@^16.4.5:
  version "16.4.5"
  resolved "https://registry.yarnpkg.com/dotenv/-/dotenv-16.4.5.tgz#cdd3b3b604cb327e286b4762e13502f717cb099f"
  integrity sha512-ZmdL2rui+eB2YwhsWzjInR8LldtZHGDoQ1ugH85ppHKwpUHL7j7rN0Ti9NCnGiQbhaZ11FpR+7ao1dNsmduNUg==
